// !$*UTF8*$!
{
	archiveVersion = 1;
	classes = {
	};
	objectVersion = 56;
	objects = {

/* Begin PBXBuildFile section */
		0D00661529E70B0700A0A316 /* InitialViewModel.swift in Sources */ = {isa = PBXBuildFile; fileRef = 0D00661429E70B0700A0A316 /* InitialViewModel.swift */; };
		0D00661729E7109200A0A316 /* MapElements.swift in Sources */ = {isa = PBXBuildFile; fileRef = 0D00661629E7109200A0A316 /* MapElements.swift */; };
		0D00661929E7169100A0A316 /* MapMarker.swift in Sources */ = {isa = PBXBuildFile; fileRef = 0D00661829E7169100A0A316 /* MapMarker.swift */; };
		0D5BCCFA29E8A6C400F14E26 /* MapModel.swift in Sources */ = {isa = PBXBuildFile; fileRef = 0D5BCCF929E8A6C400F14E26 /* MapModel.swift */; };
		0D66213529E6267E00C51043 /* AppDelegate.swift in Sources */ = {isa = PBXBuildFile; fileRef = 0D66213429E6267E00C51043 /* AppDelegate.swift */; };
		0D66213729E6267E00C51043 /* SceneDelegate.swift in Sources */ = {isa = PBXBuildFile; fileRef = 0D66213629E6267E00C51043 /* SceneDelegate.swift */; };
		0D66213929E6267E00C51043 /* ViewController.swift in Sources */ = {isa = PBXBuildFile; fileRef = 0D66213829E6267E00C51043 /* ViewController.swift */; };
		0D66213C29E6267E00C51043 /* Main.storyboard in Resources */ = {isa = PBXBuildFile; fileRef = 0D66213A29E6267E00C51043 /* Main.storyboard */; };
		0D66213F29E6267E00C51043 /* City_Transport_Guide.xcdatamodeld in Sources */ = {isa = PBXBuildFile; fileRef = 0D66213D29E6267E00C51043 /* City_Transport_Guide.xcdatamodeld */; };
		0D66214129E6267F00C51043 /* Assets.xcassets in Resources */ = {isa = PBXBuildFile; fileRef = 0D66214029E6267F00C51043 /* Assets.xcassets */; };
		0D66214429E6267F00C51043 /* LaunchScreen.storyboard in Resources */ = {isa = PBXBuildFile; fileRef = 0D66214229E6267F00C51043 /* LaunchScreen.storyboard */; };
		0D66215429E6284200C51043 /* Transport.swift in Sources */ = {isa = PBXBuildFile; fileRef = 0D66215329E6284200C51043 /* Transport.swift */; };
		0D66215829E6286C00C51043 /* MapViewController.swift in Sources */ = {isa = PBXBuildFile; fileRef = 0D66215729E6286C00C51043 /* MapViewController.swift */; };
		0D66215A29E6287C00C51043 /* TransportViewModel.swift in Sources */ = {isa = PBXBuildFile; fileRef = 0D66215929E6287C00C51043 /* TransportViewModel.swift */; };
		0D66215C29E6289400C51043 /* Constants.swift in Sources */ = {isa = PBXBuildFile; fileRef = 0D66215B29E6289400C51043 /* Constants.swift */; };
		0D66215E29E628A100C51043 /* Extensions.swift in Sources */ = {isa = PBXBuildFile; fileRef = 0D66215D29E628A100C51043 /* Extensions.swift */; };
		0D66216029E628C100C51043 /* TransportView.swift in Sources */ = {isa = PBXBuildFile; fileRef = 0D66215F29E628C100C51043 /* TransportView.swift */; };
		0D72C4FD29E77FC500EAB742 /* ErrorDetails.swift in Sources */ = {isa = PBXBuildFile; fileRef = 0D72C4FC29E77FC500EAB742 /* ErrorDetails.swift */; };
		0D72C4FF29E78CEA00EAB742 /* MapViewModel.swift in Sources */ = {isa = PBXBuildFile; fileRef = 0D72C4FE29E78CEA00EAB742 /* MapViewModel.swift */; };
		0DFDC23A29E6406400ABD84E /* APIManager.swift in Sources */ = {isa = PBXBuildFile; fileRef = 0DFDC23929E6406400ABD84E /* APIManager.swift */; };
		0DFDC23C29E70A0300ABD84E /* InitialViewController.swift in Sources */ = {isa = PBXBuildFile; fileRef = 0DFDC23B29E70A0300ABD84E /* InitialViewController.swift */; };
		51405B11D4F6C17B246FC53C /* Pods_City_Transport_Guide.framework in Frameworks */ = {isa = PBXBuildFile; fileRef = D9E21467DC75BEF92C1D960C /* Pods_City_Transport_Guide.framework */; };
/* End PBXBuildFile section */

/* Begin PBXFileReference section */
		0D00661429E70B0700A0A316 /* InitialViewModel.swift */ = {isa = PBXFileReference; lastKnownFileType = sourcecode.swift; path = InitialViewModel.swift; sourceTree = "<group>"; };
		0D00661629E7109200A0A316 /* MapElements.swift */ = {isa = PBXFileReference; lastKnownFileType = sourcecode.swift; path = MapElements.swift; sourceTree = "<group>"; };
		0D00661829E7169100A0A316 /* MapMarker.swift */ = {isa = PBXFileReference; lastKnownFileType = sourcecode.swift; path = MapMarker.swift; sourceTree = "<group>"; };
		0D5BCCF929E8A6C400F14E26 /* MapModel.swift */ = {isa = PBXFileReference; lastKnownFileType = sourcecode.swift; path = MapModel.swift; sourceTree = "<group>"; };
		0D66213129E6267E00C51043 /* City Transport Guide.app */ = {isa = PBXFileReference; explicitFileType = wrapper.application; includeInIndex = 0; path = "City Transport Guide.app"; sourceTree = BUILT_PRODUCTS_DIR; };
		0D66213429E6267E00C51043 /* AppDelegate.swift */ = {isa = PBXFileReference; lastKnownFileType = sourcecode.swift; path = AppDelegate.swift; sourceTree = "<group>"; };
		0D66213629E6267E00C51043 /* SceneDelegate.swift */ = {isa = PBXFileReference; lastKnownFileType = sourcecode.swift; path = SceneDelegate.swift; sourceTree = "<group>"; };
		0D66213829E6267E00C51043 /* ViewController.swift */ = {isa = PBXFileReference; lastKnownFileType = sourcecode.swift; path = ViewController.swift; sourceTree = "<group>"; };
		0D66213B29E6267E00C51043 /* Base */ = {isa = PBXFileReference; lastKnownFileType = file.storyboard; name = Base; path = Base.lproj/Main.storyboard; sourceTree = "<group>"; };
		0D66213E29E6267E00C51043 /* City_Transport_Guide.xcdatamodel */ = {isa = PBXFileReference; lastKnownFileType = wrapper.xcdatamodel; path = City_Transport_Guide.xcdatamodel; sourceTree = "<group>"; };
		0D66214029E6267F00C51043 /* Assets.xcassets */ = {isa = PBXFileReference; lastKnownFileType = folder.assetcatalog; path = Assets.xcassets; sourceTree = "<group>"; };
		0D66214329E6267F00C51043 /* Base */ = {isa = PBXFileReference; lastKnownFileType = file.storyboard; name = Base; path = Base.lproj/LaunchScreen.storyboard; sourceTree = "<group>"; };
		0D66214529E6267F00C51043 /* Info.plist */ = {isa = PBXFileReference; lastKnownFileType = text.plist.xml; path = Info.plist; sourceTree = "<group>"; };
		0D66215329E6284200C51043 /* Transport.swift */ = {isa = PBXFileReference; lastKnownFileType = sourcecode.swift; path = Transport.swift; sourceTree = "<group>"; };
		0D66215729E6286C00C51043 /* MapViewController.swift */ = {isa = PBXFileReference; lastKnownFileType = sourcecode.swift; path = MapViewController.swift; sourceTree = "<group>"; };
		0D66215929E6287C00C51043 /* TransportViewModel.swift */ = {isa = PBXFileReference; lastKnownFileType = sourcecode.swift; path = TransportViewModel.swift; sourceTree = "<group>"; };
		0D66215B29E6289400C51043 /* Constants.swift */ = {isa = PBXFileReference; lastKnownFileType = sourcecode.swift; path = Constants.swift; sourceTree = "<group>"; };
		0D66215D29E628A100C51043 /* Extensions.swift */ = {isa = PBXFileReference; lastKnownFileType = sourcecode.swift; path = Extensions.swift; sourceTree = "<group>"; };
		0D66215F29E628C100C51043 /* TransportView.swift */ = {isa = PBXFileReference; lastKnownFileType = sourcecode.swift; path = TransportView.swift; sourceTree = "<group>"; };
		0D72C4FC29E77FC500EAB742 /* ErrorDetails.swift */ = {isa = PBXFileReference; lastKnownFileType = sourcecode.swift; path = ErrorDetails.swift; sourceTree = "<group>"; };
		0D72C4FE29E78CEA00EAB742 /* MapViewModel.swift */ = {isa = PBXFileReference; lastKnownFileType = sourcecode.swift; path = MapViewModel.swift; sourceTree = "<group>"; };
		0DFDC23929E6406400ABD84E /* APIManager.swift */ = {isa = PBXFileReference; lastKnownFileType = sourcecode.swift; path = APIManager.swift; sourceTree = "<group>"; };
		0DFDC23B29E70A0300ABD84E /* InitialViewController.swift */ = {isa = PBXFileReference; lastKnownFileType = sourcecode.swift; path = InitialViewController.swift; sourceTree = "<group>"; };
		1E6E7BD44DE9552E59A50A6A /* Pods-City Transport Guide.release.xcconfig */ = {isa = PBXFileReference; includeInIndex = 1; lastKnownFileType = text.xcconfig; name = "Pods-City Transport Guide.release.xcconfig"; path = "Target Support Files/Pods-City Transport Guide/Pods-City Transport Guide.release.xcconfig"; sourceTree = "<group>"; };
		D9E21467DC75BEF92C1D960C /* Pods_City_Transport_Guide.framework */ = {isa = PBXFileReference; explicitFileType = wrapper.framework; includeInIndex = 0; path = Pods_City_Transport_Guide.framework; sourceTree = BUILT_PRODUCTS_DIR; };
		E16E4EE0230ACAA976FBA1DA /* Pods-City Transport Guide.debug.xcconfig */ = {isa = PBXFileReference; includeInIndex = 1; lastKnownFileType = text.xcconfig; name = "Pods-City Transport Guide.debug.xcconfig"; path = "Target Support Files/Pods-City Transport Guide/Pods-City Transport Guide.debug.xcconfig"; sourceTree = "<group>"; };
/* End PBXFileReference section */

/* Begin PBXFrameworksBuildPhase section */
		0D66212E29E6267E00C51043 /* Frameworks */ = {
			isa = PBXFrameworksBuildPhase;
			buildActionMask = 2147483647;
			files = (
				51405B11D4F6C17B246FC53C /* Pods_City_Transport_Guide.framework in Frameworks */,
			);
			runOnlyForDeploymentPostprocessing = 0;
		};
/* End PBXFrameworksBuildPhase section */

/* Begin PBXGroup section */
		0D66212829E6267E00C51043 = {
			isa = PBXGroup;
			children = (
				0D66213329E6267E00C51043 /* City Transport Guide */,
				0D66213229E6267E00C51043 /* Products */,
				D09398797CB2CC242661CA4F /* Pods */,
				3DEBE4959FE6E32A605F36E4 /* Frameworks */,
			);
			sourceTree = "<group>";
		};
		0D66213229E6267E00C51043 /* Products */ = {
			isa = PBXGroup;
			children = (
				0D66213129E6267E00C51043 /* City Transport Guide.app */,
			);
			name = Products;
			sourceTree = "<group>";
		};
		0D66213329E6267E00C51043 /* City Transport Guide */ = {
			isa = PBXGroup;
			children = (
				0D72C50029E78CF800EAB742 /* Extensions */,
				0D66215129E627FE00C51043 /* Views */,
				0D66215029E627B200C51043 /* Networking */,
				0D66214F29E627A000C51043 /* Controllers */,
				0D66214D29E6278100C51043 /* ViewModels */,
				0D66214C29E6277800C51043 /* Utils */,
				0D66214B29E6276900C51043 /* Models */,
				0D66213429E6267E00C51043 /* AppDelegate.swift */,
				0D66213629E6267E00C51043 /* SceneDelegate.swift */,
				0D66213829E6267E00C51043 /* ViewController.swift */,
				0D66213A29E6267E00C51043 /* Main.storyboard */,
				0D66214029E6267F00C51043 /* Assets.xcassets */,
				0D66214229E6267F00C51043 /* LaunchScreen.storyboard */,
				0D66214529E6267F00C51043 /* Info.plist */,
				0D66213D29E6267E00C51043 /* City_Transport_Guide.xcdatamodeld */,
			);
			path = "City Transport Guide";
			sourceTree = "<group>";
		};
		0D66214B29E6276900C51043 /* Models */ = {
			isa = PBXGroup;
			children = (
				0D66215329E6284200C51043 /* Transport.swift */,
				0D00661629E7109200A0A316 /* MapElements.swift */,
				0D00661829E7169100A0A316 /* MapMarker.swift */,
				0D72C4FC29E77FC500EAB742 /* ErrorDetails.swift */,
				0D5BCCF929E8A6C400F14E26 /* MapModel.swift */,
			);
			path = Models;
			sourceTree = "<group>";
		};
		0D66214C29E6277800C51043 /* Utils */ = {
			isa = PBXGroup;
			children = (
				0D66215B29E6289400C51043 /* Constants.swift */,
				0D66215D29E628A100C51043 /* Extensions.swift */,
			);
			path = Utils;
			sourceTree = "<group>";
		};
		0D66214D29E6278100C51043 /* ViewModels */ = {
			isa = PBXGroup;
			children = (
				0D66215929E6287C00C51043 /* TransportViewModel.swift */,
				0D00661429E70B0700A0A316 /* InitialViewModel.swift */,
				0D72C4FE29E78CEA00EAB742 /* MapViewModel.swift */,
			);
			path = ViewModels;
			sourceTree = "<group>";
		};
		0D66214F29E627A000C51043 /* Controllers */ = {
			isa = PBXGroup;
			children = (
				0D66215729E6286C00C51043 /* MapViewController.swift */,
				0DFDC23B29E70A0300ABD84E /* InitialViewController.swift */,
			);
			path = Controllers;
			sourceTree = "<group>";
		};
		0D66215029E627B200C51043 /* Networking */ = {
			isa = PBXGroup;
			children = (
				0DFDC23929E6406400ABD84E /* APIManager.swift */,
			);
			path = Networking;
			sourceTree = "<group>";
		};
		0D66215129E627FE00C51043 /* Views */ = {
			isa = PBXGroup;
			children = (
				0D66215F29E628C100C51043 /* TransportView.swift */,
			);
			path = Views;
			sourceTree = "<group>";
		};
		0D72C50029E78CF800EAB742 /* Extensions */ = {
			isa = PBXGroup;
			children = (
			);
			path = Extensions;
			sourceTree = "<group>";
		};
		3DEBE4959FE6E32A605F36E4 /* Frameworks */ = {
			isa = PBXGroup;
			children = (
				D9E21467DC75BEF92C1D960C /* Pods_City_Transport_Guide.framework */,
			);
			name = Frameworks;
			sourceTree = "<group>";
		};
		D09398797CB2CC242661CA4F /* Pods */ = {
			isa = PBXGroup;
			children = (
				E16E4EE0230ACAA976FBA1DA /* Pods-City Transport Guide.debug.xcconfig */,
				1E6E7BD44DE9552E59A50A6A /* Pods-City Transport Guide.release.xcconfig */,
			);
			path = Pods;
			sourceTree = "<group>";
		};
/* End PBXGroup section */

/* Begin PBXNativeTarget section */
		0D66213029E6267E00C51043 /* City Transport Guide */ = {
			isa = PBXNativeTarget;
			buildConfigurationList = 0D66214829E6267F00C51043 /* Build configuration list for PBXNativeTarget "City Transport Guide" */;
			buildPhases = (
				99117EE28DD508FE7228DB74 /* [CP] Check Pods Manifest.lock */,
				0D66212D29E6267E00C51043 /* Sources */,
				0D66212E29E6267E00C51043 /* Frameworks */,
				0D66212F29E6267E00C51043 /* Resources */,
				E64B74486DF37C7E6C13C5A0 /* [CP] Copy Pods Resources */,
				195CB12FEC2C81E7D31696A8 /* [CP] Embed Pods Frameworks */,
			);
			buildRules = (
			);
			dependencies = (
			);
			name = "City Transport Guide";
			productName = "City Transport Guide";
			productReference = 0D66213129E6267E00C51043 /* City Transport Guide.app */;
			productType = "com.apple.product-type.application";
		};
/* End PBXNativeTarget section */

/* Begin PBXProject section */
		0D66212929E6267E00C51043 /* Project object */ = {
			isa = PBXProject;
			attributes = {
				BuildIndependentTargetsInParallel = 1;
				LastSwiftUpdateCheck = 1430;
				LastUpgradeCheck = 1430;
				TargetAttributes = {
					0D66213029E6267E00C51043 = {
						CreatedOnToolsVersion = 14.3;
					};
				};
			};
			buildConfigurationList = 0D66212C29E6267E00C51043 /* Build configuration list for PBXProject "City Transport Guide" */;
			compatibilityVersion = "Xcode 14.0";
			developmentRegion = en;
			hasScannedForEncodings = 0;
			knownRegions = (
				en,
				Base,
			);
			mainGroup = 0D66212829E6267E00C51043;
			productRefGroup = 0D66213229E6267E00C51043 /* Products */;
			projectDirPath = "";
			projectRoot = "";
			targets = (
				0D66213029E6267E00C51043 /* City Transport Guide */,
			);
		};
/* End PBXProject section */

/* Begin PBXResourcesBuildPhase section */
		0D66212F29E6267E00C51043 /* Resources */ = {
			isa = PBXResourcesBuildPhase;
			buildActionMask = 2147483647;
			files = (
				0D66214429E6267F00C51043 /* LaunchScreen.storyboard in Resources */,
				0D66214129E6267F00C51043 /* Assets.xcassets in Resources */,
				0D66213C29E6267E00C51043 /* Main.storyboard in Resources */,
			);
			runOnlyForDeploymentPostprocessing = 0;
		};
/* End PBXResourcesBuildPhase section */

/* Begin PBXShellScriptBuildPhase section */
		195CB12FEC2C81E7D31696A8 /* [CP] Embed Pods Frameworks */ = {
			isa = PBXShellScriptBuildPhase;
			buildActionMask = 2147483647;
			files = (
			);
			inputFileListPaths = (
				"${PODS_ROOT}/Target Support Files/Pods-City Transport Guide/Pods-City Transport Guide-frameworks-${CONFIGURATION}-input-files.xcfilelist",
			);
			name = "[CP] Embed Pods Frameworks";
			outputFileListPaths = (
				"${PODS_ROOT}/Target Support Files/Pods-City Transport Guide/Pods-City Transport Guide-frameworks-${CONFIGURATION}-output-files.xcfilelist",
			);
			runOnlyForDeploymentPostprocessing = 0;
			shellPath = /bin/sh;
			shellScript = "\"${PODS_ROOT}/Target Support Files/Pods-City Transport Guide/Pods-City Transport Guide-frameworks.sh\"\n";
			showEnvVarsInLog = 0;
		};
		99117EE28DD508FE7228DB74 /* [CP] Check Pods Manifest.lock */ = {
			isa = PBXShellScriptBuildPhase;
			buildActionMask = 2147483647;
			files = (
			);
			inputFileListPaths = (
			);
			inputPaths = (
				"${PODS_PODFILE_DIR_PATH}/Podfile.lock",
				"${PODS_ROOT}/Manifest.lock",
			);
			name = "[CP] Check Pods Manifest.lock";
			outputFileListPaths = (
			);
			outputPaths = (
				"$(DERIVED_FILE_DIR)/Pods-City Transport Guide-checkManifestLockResult.txt",
			);
			runOnlyForDeploymentPostprocessing = 0;
			shellPath = /bin/sh;
			shellScript = "diff \"${PODS_PODFILE_DIR_PATH}/Podfile.lock\" \"${PODS_ROOT}/Manifest.lock\" > /dev/null\nif [ $? != 0 ] ; then\n    # print error to STDERR\n    echo \"error: The sandbox is not in sync with the Podfile.lock. Run 'pod install' or update your CocoaPods installation.\" >&2\n    exit 1\nfi\n# This output is used by Xcode 'outputs' to avoid re-running this script phase.\necho \"SUCCESS\" > \"${SCRIPT_OUTPUT_FILE_0}\"\n";
			showEnvVarsInLog = 0;
		};
		E64B74486DF37C7E6C13C5A0 /* [CP] Copy Pods Resources */ = {
			isa = PBXShellScriptBuildPhase;
			buildActionMask = 2147483647;
			files = (
			);
			inputFileListPaths = (
				"${PODS_ROOT}/Target Support Files/Pods-City Transport Guide/Pods-City Transport Guide-resources-${CONFIGURATION}-input-files.xcfilelist",
			);
			name = "[CP] Copy Pods Resources";
			outputFileListPaths = (
				"${PODS_ROOT}/Target Support Files/Pods-City Transport Guide/Pods-City Transport Guide-resources-${CONFIGURATION}-output-files.xcfilelist",
			);
			runOnlyForDeploymentPostprocessing = 0;
			shellPath = /bin/sh;
			shellScript = "\"${PODS_ROOT}/Target Support Files/Pods-City Transport Guide/Pods-City Transport Guide-resources.sh\"\n";
			showEnvVarsInLog = 0;
		};
/* End PBXShellScriptBuildPhase section */

/* Begin PBXSourcesBuildPhase section */
		0D66212D29E6267E00C51043 /* Sources */ = {
			isa = PBXSourcesBuildPhase;
			buildActionMask = 2147483647;
			files = (
				0DFDC23A29E6406400ABD84E /* APIManager.swift in Sources */,
				0D72C4FD29E77FC500EAB742 /* ErrorDetails.swift in Sources */,
				0D00661529E70B0700A0A316 /* InitialViewModel.swift in Sources */,
				0DFDC23C29E70A0300ABD84E /* InitialViewController.swift in Sources */,
				0D5BCCFA29E8A6C400F14E26 /* MapModel.swift in Sources */,
				0D66213929E6267E00C51043 /* ViewController.swift in Sources */,
				0D66213F29E6267E00C51043 /* City_Transport_Guide.xcdatamodeld in Sources */,
				0D66215429E6284200C51043 /* Transport.swift in Sources */,
				0D66215A29E6287C00C51043 /* TransportViewModel.swift in Sources */,
				0D66215E29E628A100C51043 /* Extensions.swift in Sources */,
				0D72C4FF29E78CEA00EAB742 /* MapViewModel.swift in Sources */,
				0D66213529E6267E00C51043 /* AppDelegate.swift in Sources */,
				0D00661929E7169100A0A316 /* MapMarker.swift in Sources */,
				0D66213729E6267E00C51043 /* SceneDelegate.swift in Sources */,
				0D66215829E6286C00C51043 /* MapViewController.swift in Sources */,
				0D66216029E628C100C51043 /* TransportView.swift in Sources */,
				0D66215C29E6289400C51043 /* Constants.swift in Sources */,
				0D00661729E7109200A0A316 /* MapElements.swift in Sources */,
			);
			runOnlyForDeploymentPostprocessing = 0;
		};
/* End PBXSourcesBuildPhase section */

/* Begin PBXVariantGroup section */
		0D66213A29E6267E00C51043 /* Main.storyboard */ = {
			isa = PBXVariantGroup;
			children = (
				0D66213B29E6267E00C51043 /* Base */,
			);
			name = Main.storyboard;
			sourceTree = "<group>";
		};
		0D66214229E6267F00C51043 /* LaunchScreen.storyboard */ = {
			isa = PBXVariantGroup;
			children = (
				0D66214329E6267F00C51043 /* Base */,
			);
			name = LaunchScreen.storyboard;
			sourceTree = "<group>";
		};
/* End PBXVariantGroup section */

/* Begin XCBuildConfiguration section */
		0D66214629E6267F00C51043 /* Debug */ = {
			isa = XCBuildConfiguration;
			buildSettings = {
				ALWAYS_SEARCH_USER_PATHS = NO;
				CLANG_ANALYZER_NONNULL = YES;
				CLANG_ANALYZER_NUMBER_OBJECT_CONVERSION = YES_AGGRESSIVE;
				CLANG_CXX_LANGUAGE_STANDARD = "gnu++20";
				CLANG_ENABLE_MODULES = YES;
				CLANG_ENABLE_OBJC_ARC = YES;
				CLANG_ENABLE_OBJC_WEAK = YES;
				CLANG_WARN_BLOCK_CAPTURE_AUTORELEASING = YES;
				CLANG_WARN_BOOL_CONVERSION = YES;
				CLANG_WARN_COMMA = YES;
				CLANG_WARN_CONSTANT_CONVERSION = YES;
				CLANG_WARN_DEPRECATED_OBJC_IMPLEMENTATIONS = YES;
				CLANG_WARN_DIRECT_OBJC_ISA_USAGE = YES_ERROR;
				CLANG_WARN_DOCUMENTATION_COMMENTS = YES;
				CLANG_WARN_EMPTY_BODY = YES;
				CLANG_WARN_ENUM_CONVERSION = YES;
				CLANG_WARN_INFINITE_RECURSION = YES;
				CLANG_WARN_INT_CONVERSION = YES;
				CLANG_WARN_NON_LITERAL_NULL_CONVERSION = YES;
				CLANG_WARN_OBJC_IMPLICIT_RETAIN_SELF = YES;
				CLANG_WARN_OBJC_LITERAL_CONVERSION = YES;
				CLANG_WARN_OBJC_ROOT_CLASS = YES_ERROR;
				CLANG_WARN_QUOTED_INCLUDE_IN_FRAMEWORK_HEADER = YES;
				CLANG_WARN_RANGE_LOOP_ANALYSIS = YES;
				CLANG_WARN_STRICT_PROTOTYPES = YES;
				CLANG_WARN_SUSPICIOUS_MOVE = YES;
				CLANG_WARN_UNGUARDED_AVAILABILITY = YES_AGGRESSIVE;
				CLANG_WARN_UNREACHABLE_CODE = YES;
				CLANG_WARN__DUPLICATE_METHOD_MATCH = YES;
				COPY_PHASE_STRIP = NO;
				DEBUG_INFORMATION_FORMAT = dwarf;
				ENABLE_STRICT_OBJC_MSGSEND = YES;
				ENABLE_TESTABILITY = YES;
				GCC_C_LANGUAGE_STANDARD = gnu11;
				GCC_DYNAMIC_NO_PIC = NO;
				GCC_NO_COMMON_BLOCKS = YES;
				GCC_OPTIMIZATION_LEVEL = 0;
				GCC_PREPROCESSOR_DEFINITIONS = (
					"DEBUG=1",
					"$(inherited)",
				);
				GCC_WARN_64_TO_32_BIT_CONVERSION = YES;
				GCC_WARN_ABOUT_RETURN_TYPE = YES_ERROR;
				GCC_WARN_UNDECLARED_SELECTOR = YES;
				GCC_WARN_UNINITIALIZED_AUTOS = YES_AGGRESSIVE;
				GCC_WARN_UNUSED_FUNCTION = YES;
				GCC_WARN_UNUSED_VARIABLE = YES;
				IPHONEOS_DEPLOYMENT_TARGET = 16.4;
				MTL_ENABLE_DEBUG_INFO = INCLUDE_SOURCE;
				MTL_FAST_MATH = YES;
				ONLY_ACTIVE_ARCH = YES;
				SDKROOT = iphoneos;
				SWIFT_ACTIVE_COMPILATION_CONDITIONS = DEBUG;
				SWIFT_OPTIMIZATION_LEVEL = "-Onone";
			};
			name = Debug;
		};
		0D66214729E6267F00C51043 /* Release */ = {
			isa = XCBuildConfiguration;
			buildSettings = {
				ALWAYS_SEARCH_USER_PATHS = NO;
				CLANG_ANALYZER_NONNULL = YES;
				CLANG_ANALYZER_NUMBER_OBJECT_CONVERSION = YES_AGGRESSIVE;
				CLANG_CXX_LANGUAGE_STANDARD = "gnu++20";
				CLANG_ENABLE_MODULES = YES;
				CLANG_ENABLE_OBJC_ARC = YES;
				CLANG_ENABLE_OBJC_WEAK = YES;
				CLANG_WARN_BLOCK_CAPTURE_AUTORELEASING = YES;
				CLANG_WARN_BOOL_CONVERSION = YES;
				CLANG_WARN_COMMA = YES;
				CLANG_WARN_CONSTANT_CONVERSION = YES;
				CLANG_WARN_DEPRECATED_OBJC_IMPLEMENTATIONS = YES;
				CLANG_WARN_DIRECT_OBJC_ISA_USAGE = YES_ERROR;
				CLANG_WARN_DOCUMENTATION_COMMENTS = YES;
				CLANG_WARN_EMPTY_BODY = YES;
				CLANG_WARN_ENUM_CONVERSION = YES;
				CLANG_WARN_INFINITE_RECURSION = YES;
				CLANG_WARN_INT_CONVERSION = YES;
				CLANG_WARN_NON_LITERAL_NULL_CONVERSION = YES;
				CLANG_WARN_OBJC_IMPLICIT_RETAIN_SELF = YES;
				CLANG_WARN_OBJC_LITERAL_CONVERSION = YES;
				CLANG_WARN_OBJC_ROOT_CLASS = YES_ERROR;
				CLANG_WARN_QUOTED_INCLUDE_IN_FRAMEWORK_HEADER = YES;
				CLANG_WARN_RANGE_LOOP_ANALYSIS = YES;
				CLANG_WARN_STRICT_PROTOTYPES = YES;
				CLANG_WARN_SUSPICIOUS_MOVE = YES;
				CLANG_WARN_UNGUARDED_AVAILABILITY = YES_AGGRESSIVE;
				CLANG_WARN_UNREACHABLE_CODE = YES;
				CLANG_WARN__DUPLICATE_METHOD_MATCH = YES;
				COPY_PHASE_STRIP = NO;
				DEBUG_INFORMATION_FORMAT = "dwarf-with-dsym";
				ENABLE_NS_ASSERTIONS = NO;
				ENABLE_STRICT_OBJC_MSGSEND = YES;
				GCC_C_LANGUAGE_STANDARD = gnu11;
				GCC_NO_COMMON_BLOCKS = YES;
				GCC_WARN_64_TO_32_BIT_CONVERSION = YES;
				GCC_WARN_ABOUT_RETURN_TYPE = YES_ERROR;
				GCC_WARN_UNDECLARED_SELECTOR = YES;
				GCC_WARN_UNINITIALIZED_AUTOS = YES_AGGRESSIVE;
				GCC_WARN_UNUSED_FUNCTION = YES;
				GCC_WARN_UNUSED_VARIABLE = YES;
				IPHONEOS_DEPLOYMENT_TARGET = 16.4;
				MTL_ENABLE_DEBUG_INFO = NO;
				MTL_FAST_MATH = YES;
				SDKROOT = iphoneos;
				SWIFT_COMPILATION_MODE = wholemodule;
				SWIFT_OPTIMIZATION_LEVEL = "-O";
				VALIDATE_PRODUCT = YES;
			};
			name = Release;
		};
		0D66214929E6267F00C51043 /* Debug */ = {
			isa = XCBuildConfiguration;
			baseConfigurationReference = E16E4EE0230ACAA976FBA1DA /* Pods-City Transport Guide.debug.xcconfig */;
			buildSettings = {
				ASSETCATALOG_COMPILER_APPICON_NAME = AppIcon;
				ASSETCATALOG_COMPILER_GLOBAL_ACCENT_COLOR_NAME = AccentColor;
				CODE_SIGN_STYLE = Automatic;
				CURRENT_PROJECT_VERSION = 1;
				DEVELOPMENT_TEAM = Z474855M54;
				GENERATE_INFOPLIST_FILE = YES;
				INFOPLIST_FILE = "City Transport Guide/Info.plist";
				INFOPLIST_KEY_UIApplicationSupportsIndirectInputEvents = YES;
				INFOPLIST_KEY_UILaunchStoryboardName = LaunchScreen;
				INFOPLIST_KEY_UIMainStoryboardFile = Main;
				INFOPLIST_KEY_UISupportedInterfaceOrientations_iPad = "UIInterfaceOrientationPortrait UIInterfaceOrientationPortraitUpsideDown UIInterfaceOrientationLandscapeLeft UIInterfaceOrientationLandscapeRight";
				INFOPLIST_KEY_UISupportedInterfaceOrientations_iPhone = "UIInterfaceOrientationPortrait UIInterfaceOrientationLandscapeLeft UIInterfaceOrientationLandscapeRight";
				IPHONEOS_DEPLOYMENT_TARGET = 16.0;
				LD_RUNPATH_SEARCH_PATHS = (
					"$(inherited)",
					"@executable_path/Frameworks",
				);
				MARKETING_VERSION = 1.0;
				PRODUCT_BUNDLE_IDENTIFIER = net.ivykoko1.CityTransportGuide;
				PRODUCT_NAME = "$(TARGET_NAME)";
				SWIFT_EMIT_LOC_STRINGS = YES;
				SWIFT_VERSION = 5.0;
				TARGETED_DEVICE_FAMILY = "1,2";
			};
			name = Debug;
		};
		0D66214A29E6267F00C51043 /* Release */ = {
			isa = XCBuildConfiguration;
			baseConfigurationReference = 1E6E7BD44DE9552E59A50A6A /* Pods-City Transport Guide.release.xcconfig */;
			buildSettings = {
				ASSETCATALOG_COMPILER_APPICON_NAME = AppIcon;
				ASSETCATALOG_COMPILER_GLOBAL_ACCENT_COLOR_NAME = AccentColor;
				CODE_SIGN_STYLE = Automatic;
				CURRENT_PROJECT_VERSION = 1;
				DEVELOPMENT_TEAM = Z474855M54;
				GENERATE_INFOPLIST_FILE = YES;
				INFOPLIST_FILE = "City Transport Guide/Info.plist";
				INFOPLIST_KEY_UIApplicationSupportsIndirectInputEvents = YES;
				INFOPLIST_KEY_UILaunchStoryboardName = LaunchScreen;
				INFOPLIST_KEY_UIMainStoryboardFile = Main;
				INFOPLIST_KEY_UISupportedInterfaceOrientations_iPad = "UIInterfaceOrientationPortrait UIInterfaceOrientationPortraitUpsideDown UIInterfaceOrientationLandscapeLeft UIInterfaceOrientationLandscapeRight";
				INFOPLIST_KEY_UISupportedInterfaceOrientations_iPhone = "UIInterfaceOrientationPortrait UIInterfaceOrientationLandscapeLeft UIInterfaceOrientationLandscapeRight";
				IPHONEOS_DEPLOYMENT_TARGET = 16.0;
				LD_RUNPATH_SEARCH_PATHS = (
					"$(inherited)",
					"@executable_path/Frameworks",
				);
				MARKETING_VERSION = 1.0;
				PRODUCT_BUNDLE_IDENTIFIER = net.ivykoko1.CityTransportGuide;
				PRODUCT_NAME = "$(TARGET_NAME)";
				SWIFT_EMIT_LOC_STRINGS = YES;
				SWIFT_VERSION = 5.0;
				TARGETED_DEVICE_FAMILY = "1,2";
			};
			name = Release;
		};
/* End XCBuildConfiguration section */

/* Begin XCConfigurationList section */
		0D66212C29E6267E00C51043 /* Build configuration list for PBXProject "City Transport Guide" */ = {
			isa = XCConfigurationList;
			buildConfigurations = (
				0D66214629E6267F00C51043 /* Debug */,
				0D66214729E6267F00C51043 /* Release */,
			);
			defaultConfigurationIsVisible = 0;
			defaultConfigurationName = Release;
		};
		0D66214829E6267F00C51043 /* Build configuration list for PBXNativeTarget "City Transport Guide" */ = {
			isa = XCConfigurationList;
			buildConfigurations = (
				0D66214929E6267F00C51043 /* Debug */,
				0D66214A29E6267F00C51043 /* Release */,
			);
			defaultConfigurationIsVisible = 0;
			defaultConfigurationName = Release;
		};
/* End XCConfigurationList section */

/* Begin XCVersionGroup section */
		0D66213D29E6267E00C51043 /* City_Transport_Guide.xcdatamodeld */ = {
			isa = XCVersionGroup;
			children = (
				0D66213E29E6267E00C51043 /* City_Transport_Guide.xcdatamodel */,
			);
			currentVersion = 0D66213E29E6267E00C51043 /* City_Transport_Guide.xcdatamodel */;
			path = City_Transport_Guide.xcdatamodeld;
			sourceTree = "<group>";
			versionGroupType = wrapper.xcdatamodel;
		};
/* End XCVersionGroup section */
	};
	rootObject = 0D66212929E6267E00C51043 /* Project object */;
}
